# @generated - this file is auto-generated by `mise lock` https://mise.en.dev/dev-tools/mise-lock.html

[[tools.age]]
version = "1.3.1"
backend = "aqua:FiloSottile/age"

[tools.age."platforms.linux-arm64"]
checksum = "sha256:c6878a324421b69e3e20b00ba17c04bc5c6dab0030cfe55bf8f68fa8d9e9093a"
url = "https://github.com/FiloSottile/age/releases/download/v1.3.1/age-v1.3.1-linux-arm64.tar.gz"

[tools.age."platforms.linux-x64"]
checksum = "sha256:bdc69c09cbdd6cf8b1f333d372a1f58247b3a33146406333e30c0f26e8f51377"
url = "https://github.com/FiloSottile/age/releases/download/v1.3.1/age-v1.3.1-linux-amd64.tar.gz"

[tools.age."platforms.macos-arm64"]
checksum = "sha256:01120ea2cbf0463d4c6bd767f99f3271bbed1cdc8a9aa718a76ba1fe4f01998b"
url = "https://github.com/FiloSottile/age/releases/download/v1.3.1/age-v1.3.1-darwin-arm64.tar.gz"

[tools.age."platforms.windows-x64"]
checksum = "sha256:c56e8ce22f7e80cb85ad946cc82d198767b056366201d3e1a2b93d865be38154"
url = "https://github.com/FiloSottile/age/releases/download/v1.3.1/age-v1.3.1-windows-amd64.zip"

[[tools.opentofu]]
version = "1.11.5"
backend = "aqua:opentofu/opentofu"

[tools.opentofu."platforms.linux-arm64"]
checksum = "sha256:b31a2af2a99d49da6eb429cbbb5f4e8323f9c48d1aeb8c1294e4e5bdb5012416"
url = "https://github.com/opentofu/opentofu/releases/download/v1.11.5/tofu_1.11.5_linux_arm64.tar.gz"

[tools.opentofu."platforms.linux-x64"]
checksum = "sha256:e73868ab8abaca15d3c974dcf6a5e878860d6f2212867433aa3d8f2b43a492d9"
url = "https://github.com/opentofu/opentofu/releases/download/v1.11.5/tofu_1.11.5_linux_amd64.tar.gz"

[tools.opentofu."platforms.macos-arm64"]
checksum = "sha256:abf2be18c49b7b8338d4addc5f64bcf68b3af03ca860b414b3705c20c4b455a6"
url = "https://github.com/opentofu/opentofu/releases/download/v1.11.5/tofu_1.11.5_darwin_arm64.tar.gz"

[tools.opentofu."platforms.macos-x64"]
checksum = "sha256:f514761be893f49b6ca12c2df672c010fad6c88f92588dcfc95db750211c2594"
url = "https://github.com/opentofu/opentofu/releases/download/v1.11.5/tofu_1.11.5_darwin_amd64.tar.gz"

[tools.opentofu."platforms.windows-x64"]
checksum = "sha256:69be358054afcc6a84c0ffb917056d21afc3ec5a0e0f66ffd4f498a1763a0fb8"
url = "https://github.com/opentofu/opentofu/releases/download/v1.11.5/tofu_1.11.5_windows_amd64.tar.gz"

[[tools.pre-commit]]
version = "4.2.0"
backend = "aqua:pre-commit/pre-commit"

[tools.pre-commit."platforms.linux-arm64"]
checksum = "sha256:0d4d80fd598dd1f7c268569de49e7c7a692a3de6f7a97cf14ad4e6cce993bbdf"
url = "https://github.com/pre-commit/pre-commit/releases/download/v4.2.0/pre-commit-4.2.0.pyz"

[tools.pre-commit."platforms.linux-x64"]
checksum = "sha256:0d4d80fd598dd1f7c268569de49e7c7a692a3de6f7a97cf14ad4e6cce993bbdf"
url = "https://github.com/pre-commit/pre-commit/releases/download/v4.2.0/pre-commit-4.2.0.pyz"

[tools.pre-commit."platforms.macos-arm64"]
checksum = "sha256:0d4d80fd598dd1f7c268569de49e7c7a692a3de6f7a97cf14ad4e6cce993bbdf"
url = "https://github.com/pre-commit/pre-commit/releases/download/v4.2.0/pre-commit-4.2.0.pyz"

[tools.pre-commit."platforms.macos-x64"]
checksum = "sha256:0d4d80fd598dd1f7c268569de49e7c7a692a3de6f7a97cf14ad4e6cce993bbdf"
url = "https://github.com/pre-commit/pre-commit/releases/download/v4.2.0/pre-commit-4.2.0.pyz"

[tools.pre-commit."platforms.windows-x64"]
checksum = "sha256:0d4d80fd598dd1f7c268569de49e7c7a692a3de6f7a97cf14ad4e6cce993bbdf"
url = "https://github.com/pre-commit/pre-commit/releases/download/v4.2.0/pre-commit-4.2.0.pyz"

[[tools.prek]]
version = "0.3.8"
backend = "aqua:j178/prek"

[tools.prek."platforms.linux-arm64"]
checksum = "sha256:b88d96aef4ea84999d12958c390611d3a26194ee57225fe2ff15a9855e3a71bf"
url = "https://github.com/j178/prek/releases/download/v0.3.8/prek-aarch64-unknown-linux-musl.tar.gz"

[tools.prek."platforms.linux-x64"]
checksum = "sha256:732cfb03960e6dfd5df2cb67906797aa8831750ef3a6f6340ec2b90ee8b7a59f"
url = "https://github.com/j178/prek/releases/download/v0.3.8/prek-x86_64-unknown-linux-musl.tar.gz"

[tools.prek."platforms.macos-arm64"]
checksum = "sha256:702fde4399fafb054ce85d0a64367689e3668b6475d732c4a46aae50cec0a4be"
url = "https://github.com/j178/prek/releases/download/v0.3.8/prek-aarch64-apple-darwin.tar.gz"

[tools.prek."platforms.macos-x64"]
checksum = "sha256:010198daf4e99a76d03a911973320542ffd7a04091cf7e86c60ac861187577f6"
url = "https://github.com/j178/prek/releases/download/v0.3.8/prek-x86_64-apple-darwin.tar.gz"

[tools.prek."platforms.windows-x64"]
checksum = "sha256:1da2735c31548dacd2751f90c15b5f643aa72f3053f366636f95153ee2c7186e"
url = "https://github.com/j178/prek/releases/download/v0.3.8/prek-x86_64-pc-windows-msvc.zip"

[[tools.sops]]
version = "3.13.1"
backend = "aqua:getsops/sops"

[[tools.talhelper]]
version = "3.1.11"
backend = "aqua:budimanjojo/talhelper"

[tools.talhelper."platforms.linux-arm64"]
checksum = "sha256:dfcb10b679fd3780a041c99788c2d67908ff4c9a79e63224ad8a48f1c00e1410"
url = "https://github.com/budimanjojo/talhelper/releases/download/v3.1.11/talhelper_linux_arm64.tar.gz"

[tools.talhelper."platforms.linux-x64"]
checksum = "sha256:0951cc31b4b34d2c5e31efb9bf3c1a2b8be7e99401533e2d46fbb39f07ab38d8"
url = "https://github.com/budimanjojo/talhelper/releases/download/v3.1.11/talhelper_linux_amd64.tar.gz"

[tools.talhelper."platforms.macos-arm64"]
checksum = "sha256:f7cdbc97612e64e8a3aa69e6ac073c763e449ce6d5885119d226eba5580569ef"
url = "https://github.com/budimanjojo/talhelper/releases/download/v3.1.11/talhelper_darwin_arm64.tar.gz"

[tools.talhelper."platforms.macos-x64"]
checksum = "sha256:8611446bdf3862dd1c36f78b39146c832ead41d97c4f63863952f8f1da379ea1"
url = "https://github.com/budimanjojo/talhelper/releases/download/v3.1.11/talhelper_darwin_amd64.tar.gz"

[tools.talhelper."platforms.windows-x64"]
checksum = "sha256:7bf1aad1fbe0c3c6a866e02731e71db500bbd2ac0c965958309e61edbc14ee3c"
url = "https://github.com/budimanjojo/talhelper/releases/download/v3.1.11/talhelper_windows_amd64.tar.gz"

[[tools.talosctl]]
version = "1.13.4"
backend = "aqua:siderolabs/talos"

[[tools.task]]
version = "3.51.1"
backend = "aqua:go-task/task"

[[tools.uv]]
version = "0.11.21"
backend = "aqua:astral-sh/uv"

[tools.uv."platforms.linux-arm64"]
checksum = "sha256:e71badaed2a2c3a404a0a00974b51c7ed5f5bc7be947916846005b739c68a5a2"
url = "https://github.com/astral-sh/uv/releases/download/0.11.21/uv-aarch64-unknown-linux-musl.tar.gz"

[tools.uv."platforms.linux-x64"]
checksum = "sha256:9dadff5b9e7b1d2d011e41852a1cbca713d9d5d88194f2eb6bd240fa4fb0a719"
url = "https://github.com/astral-sh/uv/releases/download/0.11.21/uv-x86_64-unknown-linux-musl.tar.gz"

[tools.uv."platforms.macos-arm64"]
checksum = "sha256:1f921d491ba5ffeea774eb04d6681ecee379101341cbb1500394993b541bf3f4"
url = "https://github.com/astral-sh/uv/releases/download/0.11.21/uv-aarch64-apple-darwin.tar.gz"

[tools.uv."platforms.macos-x64"]
checksum = "sha256:f3c8e5708a84b920c18b691214d54d2b0da6b984789caae95d47c95120cb7765"
url = "https://github.com/astral-sh/uv/releases/download/0.11.21/uv-x86_64-apple-darwin.tar.gz"

[tools.uv."platforms.windows-x64"]
checksum = "sha256:ace861f360c6de2babedc1607d0f454b6b09a820dbc8182dc15af927e4df9589"
url = "https://github.com/astral-sh/uv/releases/download/0.11.21/uv-x86_64-pc-windows-msvc.zip"

[[tools.yq]]
version = "4.53.3"
backend = "aqua:mikefarah/yq"
